// !$*UTF8*$!
{
	archiveVersion = 1;
	classes = {
	};
	objectVersion = 56;
	objects = {

/* Begin PBXBuildFile section */
		1F0000010000000000000001 /* LineformDocumentTests.swift in Sources */ = {isa = PBXBuildFile; fileRef = 1F0000020000000000000001 /* LineformDocumentTests.swift */; };
		1F0000010000000000000002 /* ReadingProfileTests.swift in Sources */ = {isa = PBXBuildFile; fileRef = 1F0000020000000000000002 /* ReadingProfileTests.swift */; };
		1F0000010000000000000021 /* MarkdownRangeAnalyzerTests.swift in Sources */ = {isa = PBXBuildFile; fileRef = 1F0000020000000000000021 /* MarkdownRangeAnalyzerTests.swift */; };
		1F0000010000000000000022 /* MarkdownFormattingCommandTests.swift in Sources */ = {isa = PBXBuildFile; fileRef = 1F0000020000000000000022 /* MarkdownFormattingCommandTests.swift */; };
		1F0000010000000000000023 /* DocumentStatisticsTests.swift in Sources */ = {isa = PBXBuildFile; fileRef = 1F0000020000000000000023 /* DocumentStatisticsTests.swift */; };
		1F0000010000000000000024 /* SelectionContextTests.swift in Sources */ = {isa = PBXBuildFile; fileRef = 1F0000020000000000000024 /* SelectionContextTests.swift */; };
		1F0000010000000000000041 /* ReadingPresetTests.swift in Sources */ = {isa = PBXBuildFile; fileRef = 1F0000020000000000000041 /* ReadingPresetTests.swift */; };
		1F0000010000000000000042 /* FontOptionTests.swift in Sources */ = {isa = PBXBuildFile; fileRef = 1F0000020000000000000042 /* FontOptionTests.swift */; };
		1F0000010000000000000043 /* ThemeTests.swift in Sources */ = {isa = PBXBuildFile; fileRef = 1F0000020000000000000043 /* ThemeTests.swift */; };
		1F0000010000000000000044 /* ReadingProfileStoreTests.swift in Sources */ = {isa = PBXBuildFile; fileRef = 1F0000020000000000000044 /* ReadingProfileStoreTests.swift */; };
		1F0000010000000000000061 /* ReadingAssistRangeResolverTests.swift in Sources */ = {isa = PBXBuildFile; fileRef = 1F0000020000000000000061 /* ReadingAssistRangeResolverTests.swift */; };
		1F0000010000000000000062 /* ReadingAssistPreferenceTests.swift in Sources */ = {isa = PBXBuildFile; fileRef = 1F0000020000000000000062 /* ReadingAssistPreferenceTests.swift */; };
		1F0000010000000000000063 /* AppCommandNotificationTests.swift in Sources */ = {isa = PBXBuildFile; fileRef = 1F0000020000000000000063 /* AppCommandNotificationTests.swift */; };
		1F0000010000000000000071 /* MarkdownOutlineParserTests.swift in Sources */ = {isa = PBXBuildFile; fileRef = 1F0000020000000000000071 /* MarkdownOutlineParserTests.swift */; };
		1F0000010000000000000072 /* MarkdownPreviewRendererTests.swift in Sources */ = {isa = PBXBuildFile; fileRef = 1F0000020000000000000072 /* MarkdownPreviewRendererTests.swift */; };
		1F0000010000000000000073 /* EditorDisplayModeTests.swift in Sources */ = {isa = PBXBuildFile; fileRef = 1F0000020000000000000073 /* EditorDisplayModeTests.swift */; };
		1F0000010000000000000081 /* MarkdownWritingToolsProtectionTests.swift in Sources */ = {isa = PBXBuildFile; fileRef = 1F0000020000000000000081 /* MarkdownWritingToolsProtectionTests.swift */; };
		1F0000010000000000000082 /* LineformTextViewWritingToolsTests.swift in Sources */ = {isa = PBXBuildFile; fileRef = 1F0000020000000000000082 /* LineformTextViewWritingToolsTests.swift */; };
		1F0000010000000000000091 /* IntelligentEditingActionTests.swift in Sources */ = {isa = PBXBuildFile; fileRef = 1F0000020000000000000091 /* IntelligentEditingActionTests.swift */; };
		1F0000010000000000000092 /* IntelligentEditingPromptBuilderTests.swift in Sources */ = {isa = PBXBuildFile; fileRef = 1F0000020000000000000092 /* IntelligentEditingPromptBuilderTests.swift */; };
		1F0000010000000000000093 /* MarkdownDiffTests.swift in Sources */ = {isa = PBXBuildFile; fileRef = 1F0000020000000000000093 /* MarkdownDiffTests.swift */; };
		1F0000010000000000000094 /* IntelligentEditingRunnerTests.swift in Sources */ = {isa = PBXBuildFile; fileRef = 1F0000020000000000000094 /* IntelligentEditingRunnerTests.swift */; };
		1F0000010000000000000124 /* IntelligentEditingEvaluationTests.swift in Sources */ = {isa = PBXBuildFile; fileRef = 1F0000020000000000000124 /* IntelligentEditingEvaluationTests.swift */; };
		1F0000010000000000000126 /* IntelligentEditingCursorTests.swift in Sources */ = {isa = PBXBuildFile; fileRef = 1F0000020000000000000126 /* IntelligentEditingCursorTests.swift */; };
		1F0000010000000000000011 /* LineformApp.swift in Sources */ = {isa = PBXBuildFile; fileRef = 1F0000020000000000000011 /* LineformApp.swift */; };
		1F0000010000000000000013 /* LineformDocument.swift in Sources */ = {isa = PBXBuildFile; fileRef = 1F0000020000000000000013 /* LineformDocument.swift */; };
		1F0000010000000000000014 /* EditorContainerView.swift in Sources */ = {isa = PBXBuildFile; fileRef = 1F0000020000000000000014 /* EditorContainerView.swift */; };
		1F0000010000000000000015 /* MarkdownTextViewRepresentable.swift in Sources */ = {isa = PBXBuildFile; fileRef = 1F0000020000000000000015 /* MarkdownTextViewRepresentable.swift */; };
		1F0000010000000000000016 /* LineformTextView.swift in Sources */ = {isa = PBXBuildFile; fileRef = 1F0000020000000000000016 /* LineformTextView.swift */; };
		1F0000010000000000000017 /* ReadingProfile.swift in Sources */ = {isa = PBXBuildFile; fileRef = 1F0000020000000000000017 /* ReadingProfile.swift */; };
		1F0000010000000000000031 /* MarkdownRangeAnalyzer.swift in Sources */ = {isa = PBXBuildFile; fileRef = 1F0000020000000000000031 /* MarkdownRangeAnalyzer.swift */; };
		1F0000010000000000000032 /* MarkdownSyntaxHighlighter.swift in Sources */ = {isa = PBXBuildFile; fileRef = 1F0000020000000000000032 /* MarkdownSyntaxHighlighter.swift */; };
		1F0000010000000000000033 /* MarkdownFormattingCommand.swift in Sources */ = {isa = PBXBuildFile; fileRef = 1F0000020000000000000033 /* MarkdownFormattingCommand.swift */; };
		1F0000010000000000000034 /* DocumentStatistics.swift in Sources */ = {isa = PBXBuildFile; fileRef = 1F0000020000000000000034 /* DocumentStatistics.swift */; };
		1F0000010000000000000035 /* SelectionContext.swift in Sources */ = {isa = PBXBuildFile; fileRef = 1F0000020000000000000035 /* SelectionContext.swift */; };
		1F0000010000000000000036 /* AppCommands.swift in Sources */ = {isa = PBXBuildFile; fileRef = 1F0000020000000000000036 /* AppCommands.swift */; };
		1F0000010000000000000130 /* FirstLaunchIntroOverlay.swift in Sources */ = {isa = PBXBuildFile; fileRef = 1F0000020000000000000130 /* FirstLaunchIntroOverlay.swift */; };
		1F0000010000000000000051 /* FontOption.swift in Sources */ = {isa = PBXBuildFile; fileRef = 1F0000020000000000000051 /* FontOption.swift */; };
		1F0000010000000000000122 /* LineformColors.swift in Sources */ = {isa = PBXBuildFile; fileRef = 1F0000020000000000000122 /* LineformColors.swift */; };
		1F0000010000000000000052 /* Theme.swift in Sources */ = {isa = PBXBuildFile; fileRef = 1F0000020000000000000052 /* Theme.swift */; };
		1F0000010000000000000053 /* ReadingPreset.swift in Sources */ = {isa = PBXBuildFile; fileRef = 1F0000020000000000000053 /* ReadingPreset.swift */; };
		1F0000010000000000000054 /* ReadingProfileStore.swift in Sources */ = {isa = PBXBuildFile; fileRef = 1F0000020000000000000054 /* ReadingProfileStore.swift */; };
		1F0000010000000000000055 /* ReadingExperiencePopover.swift in Sources */ = {isa = PBXBuildFile; fileRef = 1F0000020000000000000055 /* ReadingExperiencePopover.swift */; };
		1F0000010000000000000064 /* ReadingAssistRangeResolver.swift in Sources */ = {isa = PBXBuildFile; fileRef = 1F0000020000000000000064 /* ReadingAssistRangeResolver.swift */; };
		1F0000010000000000000065 /* LineformAppNotification.swift in Sources */ = {isa = PBXBuildFile; fileRef = 1F0000020000000000000065 /* LineformAppNotification.swift */; };
		1F0000010000000000000074 /* EditorDisplayMode.swift in Sources */ = {isa = PBXBuildFile; fileRef = 1F0000020000000000000074 /* EditorDisplayMode.swift */; };
		1F0000010000000000000075 /* MarkdownOutlineParser.swift in Sources */ = {isa = PBXBuildFile; fileRef = 1F0000020000000000000075 /* MarkdownOutlineParser.swift */; };
		1F0000010000000000000076 /* MarkdownPreviewRenderer.swift in Sources */ = {isa = PBXBuildFile; fileRef = 1F0000020000000000000076 /* MarkdownPreviewRenderer.swift */; };
		1F0000010000000000000077 /* MarkdownPreviewViewRepresentable.swift in Sources */ = {isa = PBXBuildFile; fileRef = 1F0000020000000000000077 /* MarkdownPreviewViewRepresentable.swift */; };
		1F0000010000000000000078 /* OutlineSidebarView.swift in Sources */ = {isa = PBXBuildFile; fileRef = 1F0000020000000000000078 /* OutlineSidebarView.swift */; };
		1F0000010000000000000083 /* MarkdownWritingToolsProtection.swift in Sources */ = {isa = PBXBuildFile; fileRef = 1F0000020000000000000083 /* MarkdownWritingToolsProtection.swift */; };
		1F0000010000000000000095 /* IntelligentEditingAction.swift in Sources */ = {isa = PBXBuildFile; fileRef = 1F0000020000000000000095 /* IntelligentEditingAction.swift */; };
		1F0000010000000000000096 /* IntelligentEditingPromptBuilder.swift in Sources */ = {isa = PBXBuildFile; fileRef = 1F0000020000000000000096 /* IntelligentEditingPromptBuilder.swift */; };
		1F0000010000000000000097 /* MarkdownDiff.swift in Sources */ = {isa = PBXBuildFile; fileRef = 1F0000020000000000000097 /* MarkdownDiff.swift */; };
		1F0000010000000000000098 /* IntelligentEditingSuggestion.swift in Sources */ = {isa = PBXBuildFile; fileRef = 1F0000020000000000000098 /* IntelligentEditingSuggestion.swift */; };
		1F0000010000000000000099 /* IntelligenceAvailability.swift in Sources */ = {isa = PBXBuildFile; fileRef = 1F0000020000000000000099 /* IntelligenceAvailability.swift */; };
		1F0000010000000000000100 /* IntelligentEditingService.swift in Sources */ = {isa = PBXBuildFile; fileRef = 1F0000020000000000000100 /* IntelligentEditingService.swift */; };
		1F0000010000000000000101 /* IntelligentEditingRunner.swift in Sources */ = {isa = PBXBuildFile; fileRef = 1F0000020000000000000101 /* IntelligentEditingRunner.swift */; };
		1F0000010000000000000102 /* IntelligentEditingSuggestionBar.swift in Sources */ = {isa = PBXBuildFile; fileRef = 1F0000020000000000000102 /* IntelligentEditingSuggestionBar.swift */; };
		1F0000010000000000000123 /* IntelligentEditingEvaluation.swift in Sources */ = {isa = PBXBuildFile; fileRef = 1F0000020000000000000123 /* IntelligentEditingEvaluation.swift */; };
		1F0000010000000000000125 /* IntelligentEditingRequestCoordinator.swift in Sources */ = {isa = PBXBuildFile; fileRef = 1F0000020000000000000125 /* IntelligentEditingRequestCoordinator.swift */; };
		1F0000010000000000000103 /* LineformHelp.swift in Sources */ = {isa = PBXBuildFile; fileRef = 1F0000020000000000000103 /* LineformHelp.swift */; };
		1F0000010000000000000104 /* DebouncedMarkdownPreviewView.swift in Sources */ = {isa = PBXBuildFile; fileRef = 1F0000020000000000000104 /* DebouncedMarkdownPreviewView.swift */; };
		1F0000010000000000000105 /* ReleaseResourceTests.swift in Sources */ = {isa = PBXBuildFile; fileRef = 1F0000020000000000000105 /* ReleaseResourceTests.swift */; };
		1F0000010000000000000106 /* LineformTextViewEmptyStateTests.swift in Sources */ = {isa = PBXBuildFile; fileRef = 1F0000020000000000000106 /* LineformTextViewEmptyStateTests.swift */; };
		1F0000010000000000000107 /* LargeDocumentPerformanceTests.swift in Sources */ = {isa = PBXBuildFile; fileRef = 1F0000020000000000000107 /* LargeDocumentPerformanceTests.swift */; };
		1F0000010000000000000116 /* OutlineSidebarViewTests.swift in Sources */ = {isa = PBXBuildFile; fileRef = 1F0000020000000000000116 /* OutlineSidebarViewTests.swift */; };
		1F0000010000000000000108 /* Assets.xcassets in Resources */ = {isa = PBXBuildFile; fileRef = 1F0000020000000000000108 /* Assets.xcassets */; };
		1F0000010000000000000109 /* MarkdownGuide.md in Resources */ = {isa = PBXBuildFile; fileRef = 1F0000020000000000000109 /* MarkdownGuide.md */; };
		1F0000010000000000000110 /* Help.md in Resources */ = {isa = PBXBuildFile; fileRef = 1F0000020000000000000110 /* Help.md */; };
		1F0000010000000000000111 /* Privacy.md in Resources */ = {isa = PBXBuildFile; fileRef = 1F0000020000000000000111 /* Privacy.md */; };
		1F0000010000000000000112 /* FontLicenseReview.md in Resources */ = {isa = PBXBuildFile; fileRef = 1F0000020000000000000112 /* FontLicenseReview.md */; };
		1F0000010000000000000113 /* AppStoreMetadata.md in Resources */ = {isa = PBXBuildFile; fileRef = 1F0000020000000000000113 /* AppStoreMetadata.md */; };
		1F0000010000000000000114 /* AccessibilityNutritionLabel.md in Resources */ = {isa = PBXBuildFile; fileRef = 1F0000020000000000000114 /* AccessibilityNutritionLabel.md */; };
		1F0000010000000000000115 /* ReleaseReadiness.md in Resources */ = {isa = PBXBuildFile; fileRef = 1F0000020000000000000115 /* ReleaseReadiness.md */; };
		1F0000010000000000000120 /* Fonts in Resources */ = {isa = PBXBuildFile; fileRef = 1F0000020000000000000120 /* Fonts */; };
		1F0000010000000000000121 /* BundledFontRegistrar.swift in Sources */ = {isa = PBXBuildFile; fileRef = 1F0000020000000000000121 /* BundledFontRegistrar.swift */; };
		1F0000010000000000000131 /* FirstLaunchIntro in Resources */ = {isa = PBXBuildFile; fileRef = 1F0000020000000000000131 /* FirstLaunchIntro */; };
		1F0000010000000000000140 /* EditorSearchResolver.swift in Sources */ = {isa = PBXBuildFile; fileRef = 1F0000020000000000000140 /* EditorSearchResolver.swift */; };
		1F0000010000000000000141 /* EditorStatusPresentation.swift in Sources */ = {isa = PBXBuildFile; fileRef = 1F0000020000000000000141 /* EditorStatusPresentation.swift */; };
		1F0000010000000000000142 /* EditorPresentation.swift in Sources */ = {isa = PBXBuildFile; fileRef = 1F0000020000000000000142 /* EditorPresentation.swift */; };
		1F0000010000000000000143 /* EditorChromeAndControls.swift in Sources */ = {isa = PBXBuildFile; fileRef = 1F0000020000000000000143 /* EditorChromeAndControls.swift */; };
/* End PBXBuildFile section */

/* Begin PBXContainerItemProxy section */
		1F0000030000000000000001 /* PBXContainerItemProxy */ = {
			isa = PBXContainerItemProxy;
			containerPortal = 1F0000040000000000000001 /* Project object */;
			proxyType = 1;
			remoteGlobalIDString = 1F0000050000000000000001;
			remoteInfo = Lineform;
		};
/* End PBXContainerItemProxy section */

/* Begin PBXFileReference section */
		1F0000020000000000000001 /* LineformDocumentTests.swift */ = {isa = PBXFileReference; lastKnownFileType = sourcecode.swift; path = LineformDocumentTests.swift; sourceTree = "<group>"; };
		1F0000020000000000000002 /* ReadingProfileTests.swift */ = {isa = PBXFileReference; lastKnownFileType = sourcecode.swift; path = ReadingProfileTests.swift; sourceTree = "<group>"; };
		1F0000020000000000000021 /* MarkdownRangeAnalyzerTests.swift */ = {isa = PBXFileReference; lastKnownFileType = sourcecode.swift; path = MarkdownRangeAnalyzerTests.swift; sourceTree = "<group>"; };
		1F0000020000000000000022 /* MarkdownFormattingCommandTests.swift */ = {isa = PBXFileReference; lastKnownFileType = sourcecode.swift; path = MarkdownFormattingCommandTests.swift; sourceTree = "<group>"; };
		1F0000020000000000000023 /* DocumentStatisticsTests.swift */ = {isa = PBXFileReference; lastKnownFileType = sourcecode.swift; path = DocumentStatisticsTests.swift; sourceTree = "<group>"; };
		1F0000020000000000000024 /* SelectionContextTests.swift */ = {isa = PBXFileReference; lastKnownFileType = sourcecode.swift; path = SelectionContextTests.swift; sourceTree = "<group>"; };
		1F0000020000000000000041 /* ReadingPresetTests.swift */ = {isa = PBXFileReference; lastKnownFileType = sourcecode.swift; path = ReadingPresetTests.swift; sourceTree = "<group>"; };
		1F0000020000000000000042 /* FontOptionTests.swift */ = {isa = PBXFileReference; lastKnownFileType = sourcecode.swift; path = FontOptionTests.swift; sourceTree = "<group>"; };
		1F0000020000000000000043 /* ThemeTests.swift */ = {isa = PBXFileReference; lastKnownFileType = sourcecode.swift; path = ThemeTests.swift; sourceTree = "<group>"; };
		1F0000020000000000000044 /* ReadingProfileStoreTests.swift */ = {isa = PBXFileReference; lastKnownFileType = sourcecode.swift; path = ReadingProfileStoreTests.swift; sourceTree = "<group>"; };
		1F0000020000000000000061 /* ReadingAssistRangeResolverTests.swift */ = {isa = PBXFileReference; lastKnownFileType = sourcecode.swift; path = ReadingAssistRangeResolverTests.swift; sourceTree = "<group>"; };
		1F0000020000000000000062 /* ReadingAssistPreferenceTests.swift */ = {isa = PBXFileReference; lastKnownFileType = sourcecode.swift; path = ReadingAssistPreferenceTests.swift; sourceTree = "<group>"; };
		1F0000020000000000000063 /* AppCommandNotificationTests.swift */ = {isa = PBXFileReference; lastKnownFileType = sourcecode.swift; path = AppCommandNotificationTests.swift; sourceTree = "<group>"; };
		1F0000020000000000000071 /* MarkdownOutlineParserTests.swift */ = {isa = PBXFileReference; lastKnownFileType = sourcecode.swift; path = MarkdownOutlineParserTests.swift; sourceTree = "<group>"; };
		1F0000020000000000000072 /* MarkdownPreviewRendererTests.swift */ = {isa = PBXFileReference; lastKnownFileType = sourcecode.swift; path = MarkdownPreviewRendererTests.swift; sourceTree = "<group>"; };
		1F0000020000000000000073 /* EditorDisplayModeTests.swift */ = {isa = PBXFileReference; lastKnownFileType = sourcecode.swift; path = EditorDisplayModeTests.swift; sourceTree = "<group>"; };
		1F0000020000000000000081 /* MarkdownWritingToolsProtectionTests.swift */ = {isa = PBXFileReference; lastKnownFileType = sourcecode.swift; path = MarkdownWritingToolsProtectionTests.swift; sourceTree = "<group>"; };
		1F0000020000000000000082 /* LineformTextViewWritingToolsTests.swift */ = {isa = PBXFileReference; lastKnownFileType = sourcecode.swift; path = LineformTextViewWritingToolsTests.swift; sourceTree = "<group>"; };
		1F0000020000000000000091 /* IntelligentEditingActionTests.swift */ = {isa = PBXFileReference; lastKnownFileType = sourcecode.swift; path = IntelligentEditingActionTests.swift; sourceTree = "<group>"; };
		1F0000020000000000000092 /* IntelligentEditingPromptBuilderTests.swift */ = {isa = PBXFileReference; lastKnownFileType = sourcecode.swift; path = IntelligentEditingPromptBuilderTests.swift; sourceTree = "<group>"; };
		1F0000020000000000000093 /* MarkdownDiffTests.swift */ = {isa = PBXFileReference; lastKnownFileType = sourcecode.swift; path = MarkdownDiffTests.swift; sourceTree = "<group>"; };
		1F0000020000000000000094 /* IntelligentEditingRunnerTests.swift */ = {isa = PBXFileReference; lastKnownFileType = sourcecode.swift; path = IntelligentEditingRunnerTests.swift; sourceTree = "<group>"; };
		1F0000020000000000000124 /* IntelligentEditingEvaluationTests.swift */ = {isa = PBXFileReference; lastKnownFileType = sourcecode.swift; path = IntelligentEditingEvaluationTests.swift; sourceTree = "<group>"; };
		1F0000020000000000000126 /* IntelligentEditingCursorTests.swift */ = {isa = PBXFileReference; lastKnownFileType = sourcecode.swift; path = IntelligentEditingCursorTests.swift; sourceTree = "<group>"; };
		1F0000020000000000000003 /* Info.plist */ = {isa = PBXFileReference; lastKnownFileType = text.plist.xml; path = Info.plist; sourceTree = "<group>"; };
		1F0000020000000000000004 /* Lineform.app */ = {isa = PBXFileReference; explicitFileType = wrapper.application; includeInIndex = 0; path = Lineform.app; sourceTree = BUILT_PRODUCTS_DIR; };
		1F0000020000000000000005 /* LineformTests.xctest */ = {isa = PBXFileReference; explicitFileType = wrapper.cfbundle; includeInIndex = 0; path = LineformTests.xctest; sourceTree = BUILT_PRODUCTS_DIR; };
		1F0000020000000000000011 /* LineformApp.swift */ = {isa = PBXFileReference; lastKnownFileType = sourcecode.swift; path = LineformApp.swift; sourceTree = "<group>"; };
		1F0000020000000000000013 /* LineformDocument.swift */ = {isa = PBXFileReference; lastKnownFileType = sourcecode.swift; path = LineformDocument.swift; sourceTree = "<group>"; };
		1F0000020000000000000014 /* EditorContainerView.swift */ = {isa = PBXFileReference; lastKnownFileType = sourcecode.swift; path = EditorContainerView.swift; sourceTree = "<group>"; };
		1F0000020000000000000015 /* MarkdownTextViewRepresentable.swift */ = {isa = PBXFileReference; lastKnownFileType = sourcecode.swift; path = MarkdownTextViewRepresentable.swift; sourceTree = "<group>"; };
		1F0000020000000000000016 /* LineformTextView.swift */ = {isa = PBXFileReference; lastKnownFileType = sourcecode.swift; path = LineformTextView.swift; sourceTree = "<group>"; };
		1F0000020000000000000017 /* ReadingProfile.swift */ = {isa = PBXFileReference; lastKnownFileType = sourcecode.swift; path = ReadingProfile.swift; sourceTree = "<group>"; };
		1F0000020000000000000031 /* MarkdownRangeAnalyzer.swift */ = {isa = PBXFileReference; lastKnownFileType = sourcecode.swift; path = MarkdownRangeAnalyzer.swift; sourceTree = "<group>"; };
		1F0000020000000000000032 /* MarkdownSyntaxHighlighter.swift */ = {isa = PBXFileReference; lastKnownFileType = sourcecode.swift; path = MarkdownSyntaxHighlighter.swift; sourceTree = "<group>"; };
		1F0000020000000000000033 /* MarkdownFormattingCommand.swift */ = {isa = PBXFileReference; lastKnownFileType = sourcecode.swift; path = MarkdownFormattingCommand.swift; sourceTree = "<group>"; };
		1F0000020000000000000034 /* DocumentStatistics.swift */ = {isa = PBXFileReference; lastKnownFileType = sourcecode.swift; path = DocumentStatistics.swift; sourceTree = "<group>"; };
		1F0000020000000000000035 /* SelectionContext.swift */ = {isa = PBXFileReference; lastKnownFileType = sourcecode.swift; path = SelectionContext.swift; sourceTree = "<group>"; };
		1F0000020000000000000036 /* AppCommands.swift */ = {isa = PBXFileReference; lastKnownFileType = sourcecode.swift; path = AppCommands.swift; sourceTree = "<group>"; };
		1F0000020000000000000130 /* FirstLaunchIntroOverlay.swift */ = {isa = PBXFileReference; lastKnownFileType = sourcecode.swift; path = FirstLaunchIntroOverlay.swift; sourceTree = "<group>"; };
		1F0000020000000000000051 /* FontOption.swift */ = {isa = PBXFileReference; lastKnownFileType = sourcecode.swift; path = FontOption.swift; sourceTree = "<group>"; };
		1F0000020000000000000122 /* LineformColors.swift */ = {isa = PBXFileReference; lastKnownFileType = sourcecode.swift; path = LineformColors.swift; sourceTree = "<group>"; };
		1F0000020000000000000052 /* Theme.swift */ = {isa = PBXFileReference; lastKnownFileType = sourcecode.swift; path = Theme.swift; sourceTree = "<group>"; };
		1F0000020000000000000053 /* ReadingPreset.swift */ = {isa = PBXFileReference; lastKnownFileType = sourcecode.swift; path = ReadingPreset.swift; sourceTree = "<group>"; };
		1F0000020000000000000054 /* ReadingProfileStore.swift */ = {isa = PBXFileReference; lastKnownFileType = sourcecode.swift; path = ReadingProfileStore.swift; sourceTree = "<group>"; };
		1F0000020000000000000055 /* ReadingExperiencePopover.swift */ = {isa = PBXFileReference; lastKnownFileType = sourcecode.swift; path = ReadingExperiencePopover.swift; sourceTree = "<group>"; };
		1F0000020000000000000120 /* Fonts */ = {isa = PBXFileReference; lastKnownFileType = folder; path = Fonts; sourceTree = "<group>"; };
		1F0000020000000000000121 /* BundledFontRegistrar.swift */ = {isa = PBXFileReference; lastKnownFileType = sourcecode.swift; path = BundledFontRegistrar.swift; sourceTree = "<group>"; };
		1F0000020000000000000131 /* FirstLaunchIntro */ = {isa = PBXFileReference; lastKnownFileType = folder; path = FirstLaunchIntro; sourceTree = "<group>"; };
		1F0000020000000000000064 /* ReadingAssistRangeResolver.swift */ = {isa = PBXFileReference; lastKnownFileType = sourcecode.swift; path = ReadingAssistRangeResolver.swift; sourceTree = "<group>"; };
		1F0000020000000000000065 /* LineformAppNotification.swift */ = {isa = PBXFileReference; lastKnownFileType = sourcecode.swift; path = LineformAppNotification.swift; sourceTree = "<group>"; };
		1F0000020000000000000074 /* EditorDisplayMode.swift */ = {isa = PBXFileReference; lastKnownFileType = sourcecode.swift; path = EditorDisplayMode.swift; sourceTree = "<group>"; };
		1F0000020000000000000075 /* MarkdownOutlineParser.swift */ = {isa = PBXFileReference; lastKnownFileType = sourcecode.swift; path = MarkdownOutlineParser.swift; sourceTree = "<group>"; };
		1F0000020000000000000076 /* MarkdownPreviewRenderer.swift */ = {isa = PBXFileReference; lastKnownFileType = sourcecode.swift; path = MarkdownPreviewRenderer.swift; sourceTree = "<group>"; };
		1F0000020000000000000077 /* MarkdownPreviewViewRepresentable.swift */ = {isa = PBXFileReference; lastKnownFileType = sourcecode.swift; path = MarkdownPreviewViewRepresentable.swift; sourceTree = "<group>"; };
		1F0000020000000000000078 /* OutlineSidebarView.swift */ = {isa = PBXFileReference; lastKnownFileType = sourcecode.swift; path = OutlineSidebarView.swift; sourceTree = "<group>"; };
		1F0000020000000000000083 /* MarkdownWritingToolsProtection.swift */ = {isa = PBXFileReference; lastKnownFileType = sourcecode.swift; path = MarkdownWritingToolsProtection.swift; sourceTree = "<group>"; };
		1F0000020000000000000095 /* IntelligentEditingAction.swift */ = {isa = PBXFileReference; lastKnownFileType = sourcecode.swift; path = IntelligentEditingAction.swift; sourceTree = "<group>"; };
		1F0000020000000000000096 /* IntelligentEditingPromptBuilder.swift */ = {isa = PBXFileReference; lastKnownFileType = sourcecode.swift; path = IntelligentEditingPromptBuilder.swift; sourceTree = "<group>"; };
		1F0000020000000000000097 /* MarkdownDiff.swift */ = {isa = PBXFileReference; lastKnownFileType = sourcecode.swift; path = MarkdownDiff.swift; sourceTree = "<group>"; };
		1F0000020000000000000098 /* IntelligentEditingSuggestion.swift */ = {isa = PBXFileReference; lastKnownFileType = sourcecode.swift; path = IntelligentEditingSuggestion.swift; sourceTree = "<group>"; };
		1F0000020000000000000099 /* IntelligenceAvailability.swift */ = {isa = PBXFileReference; lastKnownFileType = sourcecode.swift; path = IntelligenceAvailability.swift; sourceTree = "<group>"; };
		1F0000020000000000000100 /* IntelligentEditingService.swift */ = {isa = PBXFileReference; lastKnownFileType = sourcecode.swift; path = IntelligentEditingService.swift; sourceTree = "<group>"; };
		1F0000020000000000000101 /* IntelligentEditingRunner.swift */ = {isa = PBXFileReference; lastKnownFileType = sourcecode.swift; path = IntelligentEditingRunner.swift; sourceTree = "<group>"; };
		1F0000020000000000000102 /* IntelligentEditingSuggestionBar.swift */ = {isa = PBXFileReference; lastKnownFileType = sourcecode.swift; path = IntelligentEditingSuggestionBar.swift; sourceTree = "<group>"; };
		1F0000020000000000000123 /* IntelligentEditingEvaluation.swift */ = {isa = PBXFileReference; lastKnownFileType = sourcecode.swift; path = IntelligentEditingEvaluation.swift; sourceTree = "<group>"; };
		1F0000020000000000000125 /* IntelligentEditingRequestCoordinator.swift */ = {isa = PBXFileReference; lastKnownFileType = sourcecode.swift; path = IntelligentEditingRequestCoordinator.swift; sourceTree = "<group>"; };
		1F0000020000000000000103 /* LineformHelp.swift */ = {isa = PBXFileReference; lastKnownFileType = sourcecode.swift; path = LineformHelp.swift; sourceTree = "<group>"; };
		1F0000020000000000000104 /* DebouncedMarkdownPreviewView.swift */ = {isa = PBXFileReference; lastKnownFileType = sourcecode.swift; path = DebouncedMarkdownPreviewView.swift; sourceTree = "<group>"; };
		1F0000020000000000000105 /* ReleaseResourceTests.swift */ = {isa = PBXFileReference; lastKnownFileType = sourcecode.swift; path = ReleaseResourceTests.swift; sourceTree = "<group>"; };
		1F0000020000000000000106 /* LineformTextViewEmptyStateTests.swift */ = {isa = PBXFileReference; lastKnownFileType = sourcecode.swift; path = LineformTextViewEmptyStateTests.swift; sourceTree = "<group>"; };
		1F0000020000000000000107 /* LargeDocumentPerformanceTests.swift */ = {isa = PBXFileReference; lastKnownFileType = sourcecode.swift; path = LargeDocumentPerformanceTests.swift; sourceTree = "<group>"; };
		1F0000020000000000000116 /* OutlineSidebarViewTests.swift */ = {isa = PBXFileReference; lastKnownFileType = sourcecode.swift; path = OutlineSidebarViewTests.swift; sourceTree = "<group>"; };
		1F0000020000000000000108 /* Assets.xcassets */ = {isa = PBXFileReference; lastKnownFileType = folder.assetcatalog; path = Assets.xcassets; sourceTree = "<group>"; };
		1F0000020000000000000109 /* MarkdownGuide.md */ = {isa = PBXFileReference; lastKnownFileType = net.daringfireball.markdown; path = MarkdownGuide.md; sourceTree = "<group>"; };
		1F0000020000000000000110 /* Help.md */ = {isa = PBXFileReference; lastKnownFileType = net.daringfireball.markdown; path = Help.md; sourceTree = "<group>"; };
		1F0000020000000000000111 /* Privacy.md */ = {isa = PBXFileReference; lastKnownFileType = net.daringfireball.markdown; path = Privacy.md; sourceTree = "<group>"; };
		1F0000020000000000000112 /* FontLicenseReview.md */ = {isa = PBXFileReference; lastKnownFileType = net.daringfireball.markdown; path = FontLicenseReview.md; sourceTree = "<group>"; };
		1F0000020000000000000113 /* AppStoreMetadata.md */ = {isa = PBXFileReference; lastKnownFileType = net.daringfireball.markdown; path = AppStoreMetadata.md; sourceTree = "<group>"; };
		1F0000020000000000000114 /* AccessibilityNutritionLabel.md */ = {isa = PBXFileReference; lastKnownFileType = net.daringfireball.markdown; path = AccessibilityNutritionLabel.md; sourceTree = "<group>"; };
		1F0000020000000000000115 /* ReleaseReadiness.md */ = {isa = PBXFileReference; lastKnownFileType = net.daringfireball.markdown; path = ReleaseReadiness.md; sourceTree = "<group>"; };
		1F0000020000000000000140 /* EditorSearchResolver.swift */ = {isa = PBXFileReference; lastKnownFileType = sourcecode.swift; path = EditorSearchResolver.swift; sourceTree = "<group>"; };
		1F0000020000000000000141 /* EditorStatusPresentation.swift */ = {isa = PBXFileReference; lastKnownFileType = sourcecode.swift; path = EditorStatusPresentation.swift; sourceTree = "<group>"; };
		1F0000020000000000000142 /* EditorPresentation.swift */ = {isa = PBXFileReference; lastKnownFileType = sourcecode.swift; path = EditorPresentation.swift; sourceTree = "<group>"; };
		1F0000020000000000000143 /* EditorChromeAndControls.swift */ = {isa = PBXFileReference; lastKnownFileType = sourcecode.swift; path = EditorChromeAndControls.swift; sourceTree = "<group>"; };
/* End PBXFileReference section */

/* Begin PBXFrameworksBuildPhase section */
		1F0000060000000000000001 /* Frameworks */ = {
			isa = PBXFrameworksBuildPhase;
			buildActionMask = 2147483647;
			files = (
			);
			runOnlyForDeploymentPostprocessing = 0;
		};
		1F0000060000000000000002 /* Frameworks */ = {
			isa = PBXFrameworksBuildPhase;
			buildActionMask = 2147483647;
			files = (
			);
			runOnlyForDeploymentPostprocessing = 0;
		};
/* End PBXFrameworksBuildPhase section */

/* Begin PBXGroup section */
		1F0000070000000000000001 = {
			isa = PBXGroup;
			children = (
				1F0000070000000000000002 /* Lineform */,
				1F0000070000000000000003 /* LineformTests */,
				1F0000070000000000000004 /* Products */,
			);
			sourceTree = "<group>";
		};
		1F0000070000000000000002 /* Lineform */ = {
			isa = PBXGroup;
			children = (
				1F0000070000000000000011 /* App */,
				1F0000070000000000000012 /* Documents */,
				1F0000070000000000000013 /* Editor */,
				1F0000070000000000000014 /* ReadingExperience */,
				1F0000070000000000000015 /* Preview */,
				1F0000070000000000000016 /* Outline */,
				1F0000070000000000000017 /* Intelligence */,
				1F0000070000000000000018 /* Resources */,
				1F0000020000000000000003 /* Info.plist */,
			);
			path = Lineform;
			sourceTree = "<group>";
		};
		1F0000070000000000000011 /* App */ = {
			isa = PBXGroup;
			children = (
				1F0000020000000000000011 /* LineformApp.swift */,
				1F0000020000000000000130 /* FirstLaunchIntroOverlay.swift */,
				1F0000020000000000000036 /* AppCommands.swift */,
				1F0000020000000000000065 /* LineformAppNotification.swift */,
				1F0000020000000000000103 /* LineformHelp.swift */,
			);
			path = App;
			sourceTree = "<group>";
		};
		1F0000070000000000000012 /* Documents */ = {
			isa = PBXGroup;
			children = (
				1F0000020000000000000013 /* LineformDocument.swift */,
			);
			path = Documents;
			sourceTree = "<group>";
		};
		1F0000070000000000000013 /* Editor */ = {
			isa = PBXGroup;
			children = (
				1F0000020000000000000014 /* EditorContainerView.swift */,
				1F0000020000000000000143 /* EditorChromeAndControls.swift */,
				1F0000020000000000000074 /* EditorDisplayMode.swift */,
				1F0000020000000000000142 /* EditorPresentation.swift */,
				1F0000020000000000000140 /* EditorSearchResolver.swift */,
				1F0000020000000000000141 /* EditorStatusPresentation.swift */,
				1F0000020000000000000015 /* MarkdownTextViewRepresentable.swift */,
				1F0000020000000000000016 /* LineformTextView.swift */,
				1F0000020000000000000031 /* MarkdownRangeAnalyzer.swift */,
				1F0000020000000000000032 /* MarkdownSyntaxHighlighter.swift */,
				1F0000020000000000000033 /* MarkdownFormattingCommand.swift */,
				1F0000020000000000000034 /* DocumentStatistics.swift */,
				1F0000020000000000000035 /* SelectionContext.swift */,
				1F0000020000000000000064 /* ReadingAssistRangeResolver.swift */,
				1F0000020000000000000083 /* MarkdownWritingToolsProtection.swift */,
			);
			path = Editor;
			sourceTree = "<group>";
		};
		1F0000070000000000000014 /* ReadingExperience */ = {
			isa = PBXGroup;
			children = (
				1F0000020000000000000017 /* ReadingProfile.swift */,
				1F0000020000000000000121 /* BundledFontRegistrar.swift */,
				1F0000020000000000000051 /* FontOption.swift */,
				1F0000020000000000000122 /* LineformColors.swift */,
				1F0000020000000000000052 /* Theme.swift */,
				1F0000020000000000000053 /* ReadingPreset.swift */,
				1F0000020000000000000054 /* ReadingProfileStore.swift */,
				1F0000020000000000000055 /* ReadingExperiencePopover.swift */,
			);
			path = ReadingExperience;
			sourceTree = "<group>";
		};
		1F0000070000000000000015 /* Preview */ = {
			isa = PBXGroup;
			children = (
				1F0000020000000000000076 /* MarkdownPreviewRenderer.swift */,
				1F0000020000000000000077 /* MarkdownPreviewViewRepresentable.swift */,
				1F0000020000000000000104 /* DebouncedMarkdownPreviewView.swift */,
			);
			path = Preview;
			sourceTree = "<group>";
		};
		1F0000070000000000000016 /* Outline */ = {
			isa = PBXGroup;
			children = (
				1F0000020000000000000075 /* MarkdownOutlineParser.swift */,
				1F0000020000000000000078 /* OutlineSidebarView.swift */,
			);
			path = Outline;
			sourceTree = "<group>";
		};
		1F0000070000000000000017 /* Intelligence */ = {
			isa = PBXGroup;
			children = (
				1F0000020000000000000095 /* IntelligentEditingAction.swift */,
				1F0000020000000000000096 /* IntelligentEditingPromptBuilder.swift */,
				1F0000020000000000000097 /* MarkdownDiff.swift */,
				1F0000020000000000000098 /* IntelligentEditingSuggestion.swift */,
				1F0000020000000000000099 /* IntelligenceAvailability.swift */,
				1F0000020000000000000100 /* IntelligentEditingService.swift */,
				1F0000020000000000000101 /* IntelligentEditingRunner.swift */,
				1F0000020000000000000102 /* IntelligentEditingSuggestionBar.swift */,
				1F0000020000000000000123 /* IntelligentEditingEvaluation.swift */,
				1F0000020000000000000125 /* IntelligentEditingRequestCoordinator.swift */,
			);
			path = Intelligence;
			sourceTree = "<group>";
		};
		1F0000070000000000000018 /* Resources */ = {
			isa = PBXGroup;
			children = (
				1F0000020000000000000108 /* Assets.xcassets */,
				1F0000020000000000000109 /* MarkdownGuide.md */,
				1F0000020000000000000110 /* Help.md */,
				1F0000020000000000000111 /* Privacy.md */,
				1F0000020000000000000112 /* FontLicenseReview.md */,
				1F0000020000000000000113 /* AppStoreMetadata.md */,
				1F0000020000000000000114 /* AccessibilityNutritionLabel.md */,
				1F0000020000000000000115 /* ReleaseReadiness.md */,
				1F0000020000000000000120 /* Fonts */,
				1F0000020000000000000131 /* FirstLaunchIntro */,
			);
			path = Resources;
			sourceTree = "<group>";
		};
		1F0000070000000000000003 /* LineformTests */ = {
			isa = PBXGroup;
			children = (
				1F0000020000000000000001 /* LineformDocumentTests.swift */,
				1F0000020000000000000002 /* ReadingProfileTests.swift */,
				1F0000020000000000000021 /* MarkdownRangeAnalyzerTests.swift */,
				1F0000020000000000000022 /* MarkdownFormattingCommandTests.swift */,
				1F0000020000000000000023 /* DocumentStatisticsTests.swift */,
				1F0000020000000000000024 /* SelectionContextTests.swift */,
				1F0000020000000000000041 /* ReadingPresetTests.swift */,
				1F0000020000000000000042 /* FontOptionTests.swift */,
				1F0000020000000000000043 /* ThemeTests.swift */,
				1F0000020000000000000044 /* ReadingProfileStoreTests.swift */,
				1F0000020000000000000061 /* ReadingAssistRangeResolverTests.swift */,
				1F0000020000000000000062 /* ReadingAssistPreferenceTests.swift */,
				1F0000020000000000000063 /* AppCommandNotificationTests.swift */,
				1F0000020000000000000071 /* MarkdownOutlineParserTests.swift */,
				1F0000020000000000000072 /* MarkdownPreviewRendererTests.swift */,
				1F0000020000000000000073 /* EditorDisplayModeTests.swift */,
				1F0000020000000000000081 /* MarkdownWritingToolsProtectionTests.swift */,
				1F0000020000000000000082 /* LineformTextViewWritingToolsTests.swift */,
				1F0000020000000000000091 /* IntelligentEditingActionTests.swift */,
				1F0000020000000000000092 /* IntelligentEditingPromptBuilderTests.swift */,
				1F0000020000000000000093 /* MarkdownDiffTests.swift */,
				1F0000020000000000000094 /* IntelligentEditingRunnerTests.swift */,
				1F0000020000000000000124 /* IntelligentEditingEvaluationTests.swift */,
				1F0000020000000000000126 /* IntelligentEditingCursorTests.swift */,
				1F0000020000000000000105 /* ReleaseResourceTests.swift */,
				1F0000020000000000000106 /* LineformTextViewEmptyStateTests.swift */,
				1F0000020000000000000107 /* LargeDocumentPerformanceTests.swift */,
				1F0000020000000000000116 /* OutlineSidebarViewTests.swift */,
			);
			path = LineformTests;
			sourceTree = "<group>";
		};
		1F0000070000000000000004 /* Products */ = {
			isa = PBXGroup;
			children = (
				1F0000020000000000000004 /* Lineform.app */,
				1F0000020000000000000005 /* LineformTests.xctest */,
			);
			name = Products;
			sourceTree = "<group>";
		};
/* End PBXGroup section */

/* Begin PBXNativeTarget section */
		1F0000050000000000000001 /* Lineform */ = {
			isa = PBXNativeTarget;
			buildConfigurationList = 1F0000080000000000000001 /* Build configuration list for PBXNativeTarget "Lineform" */;
			buildPhases = (
				1F0000090000000000000001 /* Sources */,
				1F0000060000000000000001 /* Frameworks */,
				1F0000100000000000000001 /* Resources */,
			);
			buildRules = (
			);
			dependencies = (
			);
			name = Lineform;
			productName = Lineform;
			productReference = 1F0000020000000000000004 /* Lineform.app */;
			productType = "com.apple.product-type.application";
		};
		1F0000050000000000000002 /* LineformTests */ = {
			isa = PBXNativeTarget;
			buildConfigurationList = 1F0000080000000000000002 /* Build configuration list for PBXNativeTarget "LineformTests" */;
			buildPhases = (
				1F0000090000000000000002 /* Sources */,
				1F0000060000000000000002 /* Frameworks */,
				1F0000100000000000000002 /* Resources */,
			);
			buildRules = (
			);
			dependencies = (
				1F0000110000000000000001 /* PBXTargetDependency */,
			);
			name = LineformTests;
			productName = LineformTests;
			productReference = 1F0000020000000000000005 /* LineformTests.xctest */;
			productType = "com.apple.product-type.bundle.unit-test";
		};
/* End PBXNativeTarget section */

/* Begin PBXProject section */
		1F0000040000000000000001 /* Project object */ = {
			isa = PBXProject;
			attributes = {
				BuildIndependentTargetsInParallel = 1;
				LastSwiftUpdateCheck = 2600;
				LastUpgradeCheck = 2600;
				TargetAttributes = {
					1F0000050000000000000001 = {
						CreatedOnToolsVersion = 26.5;
					};
					1F0000050000000000000002 = {
						CreatedOnToolsVersion = 26.5;
						TestTargetID = 1F0000050000000000000001;
					};
				};
			};
			buildConfigurationList = 1F0000080000000000000003 /* Build configuration list for PBXProject "Lineform" */;
			compatibilityVersion = "Xcode 14.0";
			developmentRegion = en;
			hasScannedForEncodings = 0;
			knownRegions = (
				en,
				Base,
			);
			mainGroup = 1F0000070000000000000001;
			productRefGroup = 1F0000070000000000000004 /* Products */;
			projectDirPath = "";
			projectRoot = "";
			targets = (
				1F0000050000000000000001 /* Lineform */,
				1F0000050000000000000002 /* LineformTests */,
			);
		};
/* End PBXProject section */

/* Begin PBXResourcesBuildPhase section */
		1F0000100000000000000001 /* Resources */ = {
			isa = PBXResourcesBuildPhase;
			buildActionMask = 2147483647;
			files = (
				1F0000010000000000000108 /* Assets.xcassets in Resources */,
				1F0000010000000000000109 /* MarkdownGuide.md in Resources */,
				1F0000010000000000000110 /* Help.md in Resources */,
				1F0000010000000000000111 /* Privacy.md in Resources */,
				1F0000010000000000000114 /* AccessibilityNutritionLabel.md in Resources */,
				1F0000010000000000000120 /* Fonts in Resources */,
				1F0000010000000000000131 /* FirstLaunchIntro in Resources */,
			);
			runOnlyForDeploymentPostprocessing = 0;
		};
		1F0000100000000000000002 /* Resources */ = {
			isa = PBXResourcesBuildPhase;
			buildActionMask = 2147483647;
			files = (
			);
			runOnlyForDeploymentPostprocessing = 0;
		};
/* End PBXResourcesBuildPhase section */

/* Begin PBXSourcesBuildPhase section */
		1F0000090000000000000001 /* Sources */ = {
			isa = PBXSourcesBuildPhase;
			buildActionMask = 2147483647;
			files = (
				1F0000010000000000000011 /* LineformApp.swift in Sources */,
				1F0000010000000000000103 /* LineformHelp.swift in Sources */,
				1F0000010000000000000013 /* LineformDocument.swift in Sources */,
				1F0000010000000000000014 /* EditorContainerView.swift in Sources */,
				1F0000010000000000000015 /* MarkdownTextViewRepresentable.swift in Sources */,
				1F0000010000000000000016 /* LineformTextView.swift in Sources */,
				1F0000010000000000000017 /* ReadingProfile.swift in Sources */,
				1F0000010000000000000031 /* MarkdownRangeAnalyzer.swift in Sources */,
				1F0000010000000000000032 /* MarkdownSyntaxHighlighter.swift in Sources */,
				1F0000010000000000000033 /* MarkdownFormattingCommand.swift in Sources */,
				1F0000010000000000000034 /* DocumentStatistics.swift in Sources */,
				1F0000010000000000000035 /* SelectionContext.swift in Sources */,
				1F0000010000000000000036 /* AppCommands.swift in Sources */,
				1F0000010000000000000130 /* FirstLaunchIntroOverlay.swift in Sources */,
				1F0000010000000000000121 /* BundledFontRegistrar.swift in Sources */,
				1F0000010000000000000051 /* FontOption.swift in Sources */,
				1F0000010000000000000122 /* LineformColors.swift in Sources */,
				1F0000010000000000000052 /* Theme.swift in Sources */,
				1F0000010000000000000053 /* ReadingPreset.swift in Sources */,
				1F0000010000000000000054 /* ReadingProfileStore.swift in Sources */,
				1F0000010000000000000055 /* ReadingExperiencePopover.swift in Sources */,
				1F0000010000000000000064 /* ReadingAssistRangeResolver.swift in Sources */,
				1F0000010000000000000065 /* LineformAppNotification.swift in Sources */,
				1F0000010000000000000074 /* EditorDisplayMode.swift in Sources */,
				1F0000010000000000000075 /* MarkdownOutlineParser.swift in Sources */,
				1F0000010000000000000076 /* MarkdownPreviewRenderer.swift in Sources */,
				1F0000010000000000000077 /* MarkdownPreviewViewRepresentable.swift in Sources */,
				1F0000010000000000000104 /* DebouncedMarkdownPreviewView.swift in Sources */,
				1F0000010000000000000143 /* EditorChromeAndControls.swift in Sources */,
				1F0000010000000000000142 /* EditorPresentation.swift in Sources */,
				1F0000010000000000000140 /* EditorSearchResolver.swift in Sources */,
				1F0000010000000000000141 /* EditorStatusPresentation.swift in Sources */,
				1F0000010000000000000078 /* OutlineSidebarView.swift in Sources */,
				1F0000010000000000000083 /* MarkdownWritingToolsProtection.swift in Sources */,
				1F0000010000000000000095 /* IntelligentEditingAction.swift in Sources */,
				1F0000010000000000000096 /* IntelligentEditingPromptBuilder.swift in Sources */,
				1F0000010000000000000097 /* MarkdownDiff.swift in Sources */,
				1F0000010000000000000098 /* IntelligentEditingSuggestion.swift in Sources */,
				1F0000010000000000000099 /* IntelligenceAvailability.swift in Sources */,
				1F0000010000000000000100 /* IntelligentEditingService.swift in Sources */,
				1F0000010000000000000101 /* IntelligentEditingRunner.swift in Sources */,
				1F0000010000000000000102 /* IntelligentEditingSuggestionBar.swift in Sources */,
				1F0000010000000000000123 /* IntelligentEditingEvaluation.swift in Sources */,
				1F0000010000000000000125 /* IntelligentEditingRequestCoordinator.swift in Sources */,
			);
			runOnlyForDeploymentPostprocessing = 0;
		};
		1F0000090000000000000002 /* Sources */ = {
			isa = PBXSourcesBuildPhase;
			buildActionMask = 2147483647;
			files = (
				1F0000010000000000000001 /* LineformDocumentTests.swift in Sources */,
				1F0000010000000000000002 /* ReadingProfileTests.swift in Sources */,
				1F0000010000000000000021 /* MarkdownRangeAnalyzerTests.swift in Sources */,
				1F0000010000000000000022 /* MarkdownFormattingCommandTests.swift in Sources */,
				1F0000010000000000000023 /* DocumentStatisticsTests.swift in Sources */,
				1F0000010000000000000024 /* SelectionContextTests.swift in Sources */,
				1F0000010000000000000041 /* ReadingPresetTests.swift in Sources */,
				1F0000010000000000000042 /* FontOptionTests.swift in Sources */,
				1F0000010000000000000043 /* ThemeTests.swift in Sources */,
				1F0000010000000000000044 /* ReadingProfileStoreTests.swift in Sources */,
				1F0000010000000000000061 /* ReadingAssistRangeResolverTests.swift in Sources */,
				1F0000010000000000000062 /* ReadingAssistPreferenceTests.swift in Sources */,
				1F0000010000000000000063 /* AppCommandNotificationTests.swift in Sources */,
				1F0000010000000000000071 /* MarkdownOutlineParserTests.swift in Sources */,
				1F0000010000000000000072 /* MarkdownPreviewRendererTests.swift in Sources */,
				1F0000010000000000000073 /* EditorDisplayModeTests.swift in Sources */,
				1F0000010000000000000081 /* MarkdownWritingToolsProtectionTests.swift in Sources */,
				1F0000010000000000000082 /* LineformTextViewWritingToolsTests.swift in Sources */,
				1F0000010000000000000091 /* IntelligentEditingActionTests.swift in Sources */,
				1F0000010000000000000092 /* IntelligentEditingPromptBuilderTests.swift in Sources */,
				1F0000010000000000000093 /* MarkdownDiffTests.swift in Sources */,
				1F0000010000000000000094 /* IntelligentEditingRunnerTests.swift in Sources */,
				1F0000010000000000000124 /* IntelligentEditingEvaluationTests.swift in Sources */,
				1F0000010000000000000126 /* IntelligentEditingCursorTests.swift in Sources */,
				1F0000010000000000000105 /* ReleaseResourceTests.swift in Sources */,
				1F0000010000000000000106 /* LineformTextViewEmptyStateTests.swift in Sources */,
				1F0000010000000000000107 /* LargeDocumentPerformanceTests.swift in Sources */,
				1F0000010000000000000116 /* OutlineSidebarViewTests.swift in Sources */,
			);
			runOnlyForDeploymentPostprocessing = 0;
		};
/* End PBXSourcesBuildPhase section */

/* Begin PBXTargetDependency section */
		1F0000110000000000000001 /* PBXTargetDependency */ = {
			isa = PBXTargetDependency;
			target = 1F0000050000000000000001 /* Lineform */;
			targetProxy = 1F0000030000000000000001 /* PBXContainerItemProxy */;
		};
/* End PBXTargetDependency section */

/* Begin XCBuildConfiguration section */
		1F0000120000000000000001 /* Debug */ = {
			isa = XCBuildConfiguration;
			buildSettings = {
				ALWAYS_SEARCH_USER_PATHS = NO;
				CLANG_ANALYZER_NONNULL = YES;
				CLANG_ANALYZER_NUMBER_OBJECT_CONVERSION = YES_AGGRESSIVE;
				CLANG_CXX_LANGUAGE_STANDARD = "gnu++20";
				CLANG_ENABLE_MODULES = YES;
				CLANG_ENABLE_OBJC_ARC = YES;
				CLANG_ENABLE_OBJC_WEAK = YES;
				CLANG_WARN_BLOCK_CAPTURE_AUTORELEASING = YES;
				CLANG_WARN_BOOL_CONVERSION = YES;
				CLANG_WARN_COMMA = YES;
				CLANG_WARN_CONSTANT_CONVERSION = YES;
				CLANG_WARN_DEPRECATED_OBJC_IMPLEMENTATIONS = YES;
				CLANG_WARN_DIRECT_OBJC_ISA_USAGE = YES_ERROR;
				CLANG_WARN_DOCUMENTATION_COMMENTS = YES;
				CLANG_WARN_EMPTY_BODY = YES;
				CLANG_WARN_ENUM_CONVERSION = YES;
				CLANG_WARN_INFINITE_RECURSION = YES;
				CLANG_WARN_INT_CONVERSION = YES;
				CLANG_WARN_NON_LITERAL_NULL_CONVERSION = YES;
				CLANG_WARN_OBJC_IMPLICIT_RETAIN_SELF = YES;
				CLANG_WARN_OBJC_LITERAL_CONVERSION = YES;
				CLANG_WARN_OBJC_ROOT_CLASS = YES_ERROR;
				CLANG_WARN_QUOTED_INCLUDE_IN_FRAMEWORK_HEADER = YES;
				CLANG_WARN_RANGE_LOOP_ANALYSIS = YES;
				CLANG_WARN_STRICT_PROTOTYPES = YES;
				CLANG_WARN_SUSPICIOUS_MOVE = YES;
				CLANG_WARN_UNGUARDED_AVAILABILITY = YES_AGGRESSIVE;
				CLANG_WARN_UNREACHABLE_CODE = YES;
				CLANG_WARN__DUPLICATE_METHOD_MATCH = YES;
				COPY_PHASE_STRIP = NO;
				DEBUG_INFORMATION_FORMAT = dwarf;
				ENABLE_STRICT_OBJC_MSGSEND = YES;
				ENABLE_TESTABILITY = YES;
				ENABLE_USER_SCRIPT_SANDBOXING = YES;
				GCC_C_LANGUAGE_STANDARD = gnu17;
				GCC_DYNAMIC_NO_PIC = NO;
				GCC_NO_COMMON_BLOCKS = YES;
				GCC_OPTIMIZATION_LEVEL = 0;
				GCC_PREPROCESSOR_DEFINITIONS = (
					"DEBUG=1",
					"$(inherited)",
				);
				GCC_WARN_64_TO_32_BIT_CONVERSION = YES;
				GCC_WARN_ABOUT_RETURN_TYPE = YES_ERROR;
				GCC_WARN_UNDECLARED_SELECTOR = YES;
				GCC_WARN_UNINITIALIZED_AUTOS = YES_AGGRESSIVE;
				GCC_WARN_UNUSED_FUNCTION = YES;
				GCC_WARN_UNUSED_VARIABLE = YES;
				MACOSX_DEPLOYMENT_TARGET = 15.0;
				MTL_ENABLE_DEBUG_INFO = INCLUDE_SOURCE;
				MTL_FAST_MATH = YES;
				ONLY_ACTIVE_ARCH = YES;
				SDKROOT = macosx;
				SWIFT_ACTIVE_COMPILATION_CONDITIONS = "DEBUG $(inherited)";
				SWIFT_EMIT_LOC_STRINGS = YES;
				SWIFT_VERSION = 6.0;
			};
			name = Debug;
		};
		1F0000120000000000000002 /* Release */ = {
			isa = XCBuildConfiguration;
			buildSettings = {
				ALWAYS_SEARCH_USER_PATHS = NO;
				CLANG_ANALYZER_NONNULL = YES;
				CLANG_ANALYZER_NUMBER_OBJECT_CONVERSION = YES_AGGRESSIVE;
				CLANG_CXX_LANGUAGE_STANDARD = "gnu++20";
				CLANG_ENABLE_MODULES = YES;
				CLANG_ENABLE_OBJC_ARC = YES;
				CLANG_ENABLE_OBJC_WEAK = YES;
				CLANG_WARN_BLOCK_CAPTURE_AUTORELEASING = YES;
				CLANG_WARN_BOOL_CONVERSION = YES;
				CLANG_WARN_COMMA = YES;
				CLANG_WARN_CONSTANT_CONVERSION = YES;
				CLANG_WARN_DEPRECATED_OBJC_IMPLEMENTATIONS = YES;
				CLANG_WARN_DIRECT_OBJC_ISA_USAGE = YES_ERROR;
				CLANG_WARN_DOCUMENTATION_COMMENTS = YES;
				CLANG_WARN_EMPTY_BODY = YES;
				CLANG_WARN_ENUM_CONVERSION = YES;
				CLANG_WARN_INFINITE_RECURSION = YES;
				CLANG_WARN_INT_CONVERSION = YES;
				CLANG_WARN_NON_LITERAL_NULL_CONVERSION = YES;
				CLANG_WARN_OBJC_IMPLICIT_RETAIN_SELF = YES;
				CLANG_WARN_OBJC_LITERAL_CONVERSION = YES;
				CLANG_WARN_OBJC_ROOT_CLASS = YES_ERROR;
				CLANG_WARN_QUOTED_INCLUDE_IN_FRAMEWORK_HEADER = YES;
				CLANG_WARN_RANGE_LOOP_ANALYSIS = YES;
				CLANG_WARN_STRICT_PROTOTYPES = YES;
				CLANG_WARN_SUSPICIOUS_MOVE = YES;
				CLANG_WARN_UNGUARDED_AVAILABILITY = YES_AGGRESSIVE;
				CLANG_WARN_UNREACHABLE_CODE = YES;
				CLANG_WARN__DUPLICATE_METHOD_MATCH = YES;
				COPY_PHASE_STRIP = NO;
				DEBUG_INFORMATION_FORMAT = "dwarf-with-dsym";
				ENABLE_NS_ASSERTIONS = NO;
				ENABLE_STRICT_OBJC_MSGSEND = YES;
				ENABLE_USER_SCRIPT_SANDBOXING = YES;
				GCC_C_LANGUAGE_STANDARD = gnu17;
				GCC_NO_COMMON_BLOCKS = YES;
				GCC_WARN_64_TO_32_BIT_CONVERSION = YES;
				GCC_WARN_ABOUT_RETURN_TYPE = YES_ERROR;
				GCC_WARN_UNDECLARED_SELECTOR = YES;
				GCC_WARN_UNINITIALIZED_AUTOS = YES_AGGRESSIVE;
				GCC_WARN_UNUSED_FUNCTION = YES;
				GCC_WARN_UNUSED_VARIABLE = YES;
				MACOSX_DEPLOYMENT_TARGET = 15.0;
				MTL_ENABLE_DEBUG_INFO = NO;
				MTL_FAST_MATH = YES;
				SDKROOT = macosx;
				SWIFT_COMPILATION_MODE = wholemodule;
				SWIFT_EMIT_LOC_STRINGS = YES;
				SWIFT_VERSION = 6.0;
			};
			name = Release;
		};
		1F0000120000000000000003 /* Debug */ = {
			isa = XCBuildConfiguration;
			buildSettings = {
				ASSETCATALOG_COMPILER_APPICON_NAME = AppIcon;
				CODE_SIGN_ENTITLEMENTS = Lineform/Lineform.entitlements;
				CODE_SIGN_STYLE = Automatic;
				COMBINE_HIDPI_IMAGES = YES;
				CURRENT_PROJECT_VERSION = 2;
				DEVELOPMENT_TEAM = "";
				GENERATE_INFOPLIST_FILE = NO;
				INFOPLIST_FILE = Lineform/Info.plist;
				LD_RUNPATH_SEARCH_PATHS = (
					"$(inherited)",
					"@executable_path/../Frameworks",
				);
				MARKETING_VERSION = 0.1.0;
				PRODUCT_BUNDLE_IDENTIFIER = com.lineform.app;
				PRODUCT_NAME = "$(TARGET_NAME)";
				SWIFT_VERSION = 6.0;
			};
			name = Debug;
		};
		1F0000120000000000000004 /* Release */ = {
			isa = XCBuildConfiguration;
			buildSettings = {
				ASSETCATALOG_COMPILER_APPICON_NAME = AppIcon;
				CODE_SIGN_ENTITLEMENTS = Lineform/Lineform.entitlements;
				CODE_SIGN_STYLE = Automatic;
				COMBINE_HIDPI_IMAGES = YES;
				CURRENT_PROJECT_VERSION = 2;
				DEVELOPMENT_TEAM = "";
				GENERATE_INFOPLIST_FILE = NO;
				INFOPLIST_FILE = Lineform/Info.plist;
				LD_RUNPATH_SEARCH_PATHS = (
					"$(inherited)",
					"@executable_path/../Frameworks",
				);
				MARKETING_VERSION = 0.1.0;
				PRODUCT_BUNDLE_IDENTIFIER = com.lineform.app;
				PRODUCT_NAME = "$(TARGET_NAME)";
				SWIFT_VERSION = 6.0;
			};
			name = Release;
		};
		1F0000120000000000000005 /* Debug */ = {
			isa = XCBuildConfiguration;
			buildSettings = {
				BUNDLE_LOADER = "$(TEST_HOST)";
				CODE_SIGN_STYLE = Automatic;
				DEVELOPMENT_TEAM = "";
				GENERATE_INFOPLIST_FILE = YES;
				PRODUCT_BUNDLE_IDENTIFIER = com.lineform.app.tests;
				PRODUCT_NAME = "$(TARGET_NAME)";
				SWIFT_VERSION = 6.0;
				TEST_HOST = "$(BUILT_PRODUCTS_DIR)/Lineform.app/$(BUNDLE_EXECUTABLE_FOLDER_PATH)/Lineform";
			};
			name = Debug;
		};
		1F0000120000000000000006 /* Release */ = {
			isa = XCBuildConfiguration;
			buildSettings = {
				BUNDLE_LOADER = "$(TEST_HOST)";
				CODE_SIGN_STYLE = Automatic;
				DEVELOPMENT_TEAM = "";
				GENERATE_INFOPLIST_FILE = YES;
				PRODUCT_BUNDLE_IDENTIFIER = com.lineform.app.tests;
				PRODUCT_NAME = "$(TARGET_NAME)";
				SWIFT_VERSION = 6.0;
				TEST_HOST = "$(BUILT_PRODUCTS_DIR)/Lineform.app/$(BUNDLE_EXECUTABLE_FOLDER_PATH)/Lineform";
			};
			name = Release;
		};
/* End XCBuildConfiguration section */

/* Begin XCConfigurationList section */
		1F0000080000000000000001 /* Build configuration list for PBXNativeTarget "Lineform" */ = {
			isa = XCConfigurationList;
			buildConfigurations = (
				1F0000120000000000000003 /* Debug */,
				1F0000120000000000000004 /* Release */,
			);
			defaultConfigurationIsVisible = 0;
			defaultConfigurationName = Release;
		};
		1F0000080000000000000002 /* Build configuration list for PBXNativeTarget "LineformTests" */ = {
			isa = XCConfigurationList;
			buildConfigurations = (
				1F0000120000000000000005 /* Debug */,
				1F0000120000000000000006 /* Release */,
			);
			defaultConfigurationIsVisible = 0;
			defaultConfigurationName = Release;
		};
		1F0000080000000000000003 /* Build configuration list for PBXProject "Lineform" */ = {
			isa = XCConfigurationList;
			buildConfigurations = (
				1F0000120000000000000001 /* Debug */,
				1F0000120000000000000002 /* Release */,
			);
			defaultConfigurationIsVisible = 0;
			defaultConfigurationName = Release;
		};
/* End XCConfigurationList section */
	};
	rootObject = 1F0000040000000000000001 /* Project object */;
}
